
Microsoft Visual Studio Solution File, Format Version 12.00
# Visual Studio Version 17
VisualStudioVersion = 17.3.32825.248
MinimumVisualStudioVersion = 10.0.40219.1
Project("{FAE04EC0-301F-11D3-BF4B-00C04F79EFBC}") = "mtechTest.Windows", "mtechTest.Windows\mtechTest.Windows.csproj", "{DD08D11F-586B-47A0-BC0D-AAE2AB6CD59F}"
EndProject
Project("{FAE04EC0-301F-11D3-BF4B-00C04F79EFBC}") = "mtechTest.base", "mtechTest.base\mtechTest.base.csproj", "{7D7A0684-D743-496C-B854-B43EDE860F3C}"
EndProject
Project("{FAE04EC0-301F-11D3-BF4B-00C04F79EFBC}") = "mtechTest.Web", "mtechTest.Web\mtechTest.Web.csproj", "{B11A207B-27D7-40E5-B087-2D2423AF711F}"
EndProject
Global
	GlobalSection(SolutionConfigurationPlatforms) = preSolution
		Debug|Any CPU = Debug|Any CPU
		Release|Any CPU = Release|Any CPU
	EndGlobalSection
	GlobalSection(ProjectConfigurationPlatforms) = postSolution
		{DD08D11F-586B-47A0-BC0D-AAE2AB6CD59F}.Debug|Any CPU.ActiveCfg = Debug|Any CPU
		{DD08D11F-586B-47A0-BC0D-AAE2AB6CD59F}.Debug|Any CPU.Build.0 = Debug|Any CPU
		{DD08D11F-586B-47A0-BC0D-AAE2AB6CD59F}.Release|Any CPU.ActiveCfg = Release|Any CPU
		{DD08D11F-586B-47A0-BC0D-AAE2AB6CD59F}.Release|Any CPU.Build.0 = Release|Any CPU
		{7D7A0684-D743-496C-B854-B43EDE860F3C}.Debug|Any CPU.ActiveCfg = Debug|Any CPU
		{7D7A0684-D743-496C-B854-B43EDE860F3C}.Debug|Any CPU.Build.0 = Debug|Any CPU
		{7D7A0684-D743-496C-B854-B43EDE860F3C}.Release|Any CPU.ActiveCfg = Release|Any CPU
		{7D7A0684-D743-496C-B854-B43EDE860F3C}.Release|Any CPU.Build.0 = Release|Any CPU
		{B11A207B-27D7-40E5-B087-2D2423AF711F}.Debug|Any CPU.ActiveCfg = Debug|Any CPU
		{B11A207B-27D7-40E5-B087-2D2423AF711F}.Debug|Any CPU.Build.0 = Debug|Any CPU
		{B11A207B-27D7-40E5-B087-2D2423AF711F}.Release|Any CPU.ActiveCfg = Release|Any CPU
		{B11A207B-27D7-40E5-B087-2D2423AF711F}.Release|Any CPU.Build.0 = Release|Any CPU
	EndGlobalSection
	GlobalSection(SolutionProperties) = preSolution
		HideSolutionNode = FALSE
	EndGlobalSection
	GlobalSection(ExtensibilityGlobals) = postSolution
		SolutionGuid = {0C941112-A0EA-43C4-AF5B-C3060417C97C}
	EndGlobalSection
EndGlobal
